
Microsoft Visual Studio Solution File, Format Version 12.00
# Visual Studio Version 17
VisualStudioVersion = 17.5.33424.131
MinimumVisualStudioVersion = 10.0.40219.1
Project("{FAE04EC0-301F-11D3-BF4B-00C04F79EFBC}") = "API", "API\API.csproj", "{669D94C9-6641-4E10-AA76-3F4385BA2D2D}"
EndProject
Project("{FAE04EC0-301F-11D3-BF4B-00C04F79EFBC}") = "Domain", "Domain\Domain.csproj", "{B1FDD32E-C592-4503-BAA5-AD02369D2B16}"
EndProject
Project("{FAE04EC0-301F-11D3-BF4B-00C04F79EFBC}") = "Infrastructure", "Infrastructure\Infrastructure.csproj", "{F86F3AF2-8797-49E7-8197-B2E470CA64F9}"
EndProject
Project("{FAE04EC0-301F-11D3-BF4B-00C04F79EFBC}") = "Application", "Application\Application.csproj", "{5B1FB028-07E4-46B0-A5B3-C2A462AB0B45}"
EndProject
Project("{FAE04EC0-301F-11D3-BF4B-00C04F79EFBC}") = "UI", "UI\UI.csproj", "{A5A55643-FD84-4381-8FBE-A337324D1C0F}"
EndProject
Global
	GlobalSection(SolutionConfigurationPlatforms) = preSolution
		Debug|Any CPU = Debug|Any CPU
		Release|Any CPU = Release|Any CPU
	EndGlobalSection
	GlobalSection(ProjectConfigurationPlatforms) = postSolution
		{669D94C9-6641-4E10-AA76-3F4385BA2D2D}.Debug|Any CPU.ActiveCfg = Debug|Any CPU
		{669D94C9-6641-4E10-AA76-3F4385BA2D2D}.Debug|Any CPU.Build.0 = Debug|Any CPU
		{669D94C9-6641-4E10-AA76-3F4385BA2D2D}.Release|Any CPU.ActiveCfg = Release|Any CPU
		{669D94C9-6641-4E10-AA76-3F4385BA2D2D}.Release|Any CPU.Build.0 = Release|Any CPU
		{B1FDD32E-C592-4503-BAA5-AD02369D2B16}.Debug|Any CPU.ActiveCfg = Debug|Any CPU
		{B1FDD32E-C592-4503-BAA5-AD02369D2B16}.Debug|Any CPU.Build.0 = Debug|Any CPU
		{B1FDD32E-C592-4503-BAA5-AD02369D2B16}.Release|Any CPU.ActiveCfg = Release|Any CPU
		{B1FDD32E-C592-4503-BAA5-AD02369D2B16}.Release|Any CPU.Build.0 = Release|Any CPU
		{F86F3AF2-8797-49E7-8197-B2E470CA64F9}.Debug|Any CPU.ActiveCfg = Debug|Any CPU
		{F86F3AF2-8797-49E7-8197-B2E470CA64F9}.Debug|Any CPU.Build.0 = Debug|Any CPU
		{F86F3AF2-8797-49E7-8197-B2E470CA64F9}.Release|Any CPU.ActiveCfg = Release|Any CPU
		{F86F3AF2-8797-49E7-8197-B2E470CA64F9}.Release|Any CPU.Build.0 = Release|Any CPU
		{5B1FB028-07E4-46B0-A5B3-C2A462AB0B45}.Debug|Any CPU.ActiveCfg = Debug|Any CPU
		{5B1FB028-07E4-46B0-A5B3-C2A462AB0B45}.Debug|Any CPU.Build.0 = Debug|Any CPU
		{5B1FB028-07E4-46B0-A5B3-C2A462AB0B45}.Release|Any CPU.ActiveCfg = Release|Any CPU
		{5B1FB028-07E4-46B0-A5B3-C2A462AB0B45}.Release|Any CPU.Build.0 = Release|Any CPU
		{A5A55643-FD84-4381-8FBE-A337324D1C0F}.Debug|Any CPU.ActiveCfg = Debug|Any CPU
		{A5A55643-FD84-4381-8FBE-A337324D1C0F}.Debug|Any CPU.Build.0 = Debug|Any CPU
		{A5A55643-FD84-4381-8FBE-A337324D1C0F}.Release|Any CPU.ActiveCfg = Release|Any CPU
		{A5A55643-FD84-4381-8FBE-A337324D1C0F}.Release|Any CPU.Build.0 = Release|Any CPU
	EndGlobalSection
	GlobalSection(SolutionProperties) = preSolution
		HideSolutionNode = FALSE
	EndGlobalSection
	GlobalSection(ExtensibilityGlobals) = postSolution
		SolutionGuid = {CFD5DDC5-9419-4FAE-9833-C961A9E2E8A6}
	EndGlobalSection
EndGlobal
